
Microsoft Visual Studio Solution File, Format Version 12.00
# Visual Studio Version 16
VisualStudioVersion = 16.0.29911.84
MinimumVisualStudioVersion = 10.0.40219.1
Project("{FAE04EC0-301F-11D3-BF4B-00C04F79EFBC}") = "Autokululaskuri", "Autokululaskuri\Autokululaskuri.csproj", "{8B7F1DCF-CF88-4CAD-BFBC-F2CA5B983C41}"
EndProject
Global
	GlobalSection(SolutionConfigurationPlatforms) = preSolution
		Debug|Any CPU = Debug|Any CPU
		Release|Any CPU = Release|Any CPU
	EndGlobalSection
	GlobalSection(ProjectConfigurationPlatforms) = postSolution
		{8B7F1DCF-CF88-4CAD-BFBC-F2CA5B983C41}.Debug|Any CPU.ActiveCfg = Debug|Any CPU
		{8B7F1DCF-CF88-4CAD-BFBC-F2CA5B983C41}.Debug|Any CPU.Build.0 = Debug|Any CPU
		{8B7F1DCF-CF88-4CAD-BFBC-F2CA5B983C41}.Release|Any CPU.ActiveCfg = Release|Any CPU
		{8B7F1DCF-CF88-4CAD-BFBC-F2CA5B983C41}.Release|Any CPU.Build.0 = Release|Any CPU
	EndGlobalSection
	GlobalSection(SolutionProperties) = preSolution
		HideSolutionNode = FALSE
	EndGlobalSection
	GlobalSection(ExtensibilityGlobals) = postSolution
		SolutionGuid = {C3EC5111-8175-4B38-A5C4-0CE39B79FBF7}
	EndGlobalSection
EndGlobal
