
Microsoft Visual Studio Solution File, Format Version 12.00
# Visual Studio Version 16
VisualStudioVersion = 16.0.29911.84
MinimumVisualStudioVersion = 10.0.40219.1
Project("{FAE04EC0-301F-11D3-BF4B-00C04F79EFBC}") = "Harjoitus 13", "Harjoitus 13\Harjoitus 13.csproj", "{94DFB8EB-E378-44F3-A2B5-1935E76CB965}"
EndProject
Global
	GlobalSection(SolutionConfigurationPlatforms) = preSolution
		Debug|Any CPU = Debug|Any CPU
		Release|Any CPU = Release|Any CPU
	EndGlobalSection
	GlobalSection(ProjectConfigurationPlatforms) = postSolution
		{94DFB8EB-E378-44F3-A2B5-1935E76CB965}.Debug|Any CPU.ActiveCfg = Debug|Any CPU
		{94DFB8EB-E378-44F3-A2B5-1935E76CB965}.Debug|Any CPU.Build.0 = Debug|Any CPU
		{94DFB8EB-E378-44F3-A2B5-1935E76CB965}.Release|Any CPU.ActiveCfg = Release|Any CPU
		{94DFB8EB-E378-44F3-A2B5-1935E76CB965}.Release|Any CPU.Build.0 = Release|Any CPU
	EndGlobalSection
	GlobalSection(SolutionProperties) = preSolution
		HideSolutionNode = FALSE
	EndGlobalSection
	GlobalSection(ExtensibilityGlobals) = postSolution
		SolutionGuid = {1CFE7B6F-D8B6-4031-8CCF-E2FD9BEDB355}
	EndGlobalSection
EndGlobal
