
Microsoft Visual Studio Solution File, Format Version 12.00
# Visual Studio Version 16
VisualStudioVersion = 16.0.29911.84
MinimumVisualStudioVersion = 10.0.40219.1
Project("{FAE04EC0-301F-11D3-BF4B-00C04F79EFBC}") = "Lukujen järjestys", "Harjoitus 5\Lukujen järjestys.csproj", "{40B7E933-0DEC-4129-B520-18E12503BD04}"
EndProject
Global
	GlobalSection(SolutionConfigurationPlatforms) = preSolution
		Debug|Any CPU = Debug|Any CPU
		Release|Any CPU = Release|Any CPU
	EndGlobalSection
	GlobalSection(ProjectConfigurationPlatforms) = postSolution
		{40B7E933-0DEC-4129-B520-18E12503BD04}.Debug|Any CPU.ActiveCfg = Debug|Any CPU
		{40B7E933-0DEC-4129-B520-18E12503BD04}.Debug|Any CPU.Build.0 = Debug|Any CPU
		{40B7E933-0DEC-4129-B520-18E12503BD04}.Release|Any CPU.ActiveCfg = Release|Any CPU
		{40B7E933-0DEC-4129-B520-18E12503BD04}.Release|Any CPU.Build.0 = Release|Any CPU
	EndGlobalSection
	GlobalSection(SolutionProperties) = preSolution
		HideSolutionNode = FALSE
	EndGlobalSection
	GlobalSection(ExtensibilityGlobals) = postSolution
		SolutionGuid = {2496BC77-11AF-43B5-97E6-EFABD6CFA7D8}
	EndGlobalSection
EndGlobal
