
Microsoft Visual Studio Solution File, Format Version 12.00
# Visual Studio Version 16
VisualStudioVersion = 16.0.29911.84
MinimumVisualStudioVersion = 10.0.40219.1
Project("{FAE04EC0-301F-11D3-BF4B-00C04F79EFBC}") = "Harjoitus 15", "Harjoitus 15\Harjoitus 15.csproj", "{637E5D33-94F6-4144-8D53-F214E97CB169}"
EndProject
Global
	GlobalSection(SolutionConfigurationPlatforms) = preSolution
		Debug|Any CPU = Debug|Any CPU
		Release|Any CPU = Release|Any CPU
	EndGlobalSection
	GlobalSection(ProjectConfigurationPlatforms) = postSolution
		{637E5D33-94F6-4144-8D53-F214E97CB169}.Debug|Any CPU.ActiveCfg = Debug|Any CPU
		{637E5D33-94F6-4144-8D53-F214E97CB169}.Debug|Any CPU.Build.0 = Debug|Any CPU
		{637E5D33-94F6-4144-8D53-F214E97CB169}.Release|Any CPU.ActiveCfg = Release|Any CPU
		{637E5D33-94F6-4144-8D53-F214E97CB169}.Release|Any CPU.Build.0 = Release|Any CPU
	EndGlobalSection
	GlobalSection(SolutionProperties) = preSolution
		HideSolutionNode = FALSE
	EndGlobalSection
	GlobalSection(ExtensibilityGlobals) = postSolution
		SolutionGuid = {29B5E203-37FA-4903-9293-C883920C89B3}
	EndGlobalSection
EndGlobal
